
Microsoft Visual Studio Solution File, Format Version 12.00
# Visual Studio Version 17
VisualStudioVersion = 17.13.35913.81
MinimumVisualStudioVersion = 10.0.40219.1
Project("{FAE04EC0-301F-11D3-BF4B-00C04F79EFBC}") = "GiocoDiCarte", "GiocoDiCarte\GiocoDiCarte.csproj", "{9240EBEB-3AF1-4604-91ED-001773E7E58B}"
EndProject
Project("{2150E333-8FDC-42A3-9474-1A3956D46DE8}") = "Elementi di soluzione", "Elementi di soluzione", "{9DF70304-0A22-CE1E-AA12-D5904EE55694}"
	ProjectSection(SolutionItems) = preProject
		GiocoDiCarte\bin\Debug\Sprite\cursore.cur = GiocoDiCarte\bin\Debug\Sprite\cursore.cur
		GiocoDiCarte\bin\Debug\Font\KiwiSoda.ttf = GiocoDiCarte\bin\Debug\Font\KiwiSoda.ttf
	EndProjectSection
EndProject
Global
	GlobalSection(SolutionConfigurationPlatforms) = preSolution
		Debug|Any CPU = Debug|Any CPU
		Release|Any CPU = Release|Any CPU
	EndGlobalSection
	GlobalSection(ProjectConfigurationPlatforms) = postSolution
		{9240EBEB-3AF1-4604-91ED-001773E7E58B}.Debug|Any CPU.ActiveCfg = Debug|Any CPU
		{9240EBEB-3AF1-4604-91ED-001773E7E58B}.Debug|Any CPU.Build.0 = Debug|Any CPU
		{9240EBEB-3AF1-4604-91ED-001773E7E58B}.Release|Any CPU.ActiveCfg = Release|Any CPU
		{9240EBEB-3AF1-4604-91ED-001773E7E58B}.Release|Any CPU.Build.0 = Release|Any CPU
	EndGlobalSection
	GlobalSection(SolutionProperties) = preSolution
		HideSolutionNode = FALSE
	EndGlobalSection
	GlobalSection(ExtensibilityGlobals) = postSolution
		SolutionGuid = {6D41B1B0-D685-4CB5-B792-51C5E7EC7DE6}
	EndGlobalSection
EndGlobal
